
Microsoft Visual Studio Solution File, Format Version 12.00
# Visual Studio Version 17
VisualStudioVersion = 17.14.36429.23 d17.14
MinimumVisualStudioVersion = 10.0.40219.1
Project("{FAE04EC0-301F-11D3-BF4B-00C04F79EFBC}") = "ConvertTextInAudio", "ConvertTextInAudio\ConvertTextInAudio.csproj", "{688293EA-F229-4C87-9860-23F33799A48E}"
EndProject
Global
	GlobalSection(SolutionConfigurationPlatforms) = preSolution
		Debug|Any CPU = Debug|Any CPU
		Release|Any CPU = Release|Any CPU
	EndGlobalSection
	GlobalSection(ProjectConfigurationPlatforms) = postSolution
		{688293EA-F229-4C87-9860-23F33799A48E}.Debug|Any CPU.ActiveCfg = Debug|Any CPU
		{688293EA-F229-4C87-9860-23F33799A48E}.Debug|Any CPU.Build.0 = Debug|Any CPU
		{688293EA-F229-4C87-9860-23F33799A48E}.Release|Any CPU.ActiveCfg = Release|Any CPU
		{688293EA-F229-4C87-9860-23F33799A48E}.Release|Any CPU.Build.0 = Release|Any CPU
	EndGlobalSection
	GlobalSection(SolutionProperties) = preSolution
		HideSolutionNode = FALSE
	EndGlobalSection
	GlobalSection(ExtensibilityGlobals) = postSolution
		SolutionGuid = {3FBDD372-1E22-4C7F-87FF-9FD0C1A99004}
	EndGlobalSection
EndGlobal
